// !$*UTF8*$!
{
	archiveVersion = 1;
	classes = {
	};
	objectVersion = 50;
	objects = {

/* Begin PBXBuildFile section */
		FB52D51023A02F2E005902E4 /* AppDelegate.swift in Sources */ = {isa = PBXBuildFile; fileRef = FB52D50F23A02F2E005902E4 /* AppDelegate.swift */; };
		FB52D51223A02F2E005902E4 /* SceneDelegate.swift in Sources */ = {isa = PBXBuildFile; fileRef = FB52D51123A02F2E005902E4 /* SceneDelegate.swift */; };
		FB52D51423A02F2E005902E4 /* ViewController.swift in Sources */ = {isa = PBXBuildFile; fileRef = FB52D51323A02F2E005902E4 /* ViewController.swift */; };
		FB52D51723A02F2E005902E4 /* Main.storyboard in Resources */ = {isa = PBXBuildFile; fileRef = FB52D51523A02F2E005902E4 /* Main.storyboard */; };
		FB52D51A23A02F2E005902E4 /* CrudFirestore.xcdatamodeld in Sources */ = {isa = PBXBuildFile; fileRef = FB52D51823A02F2E005902E4 /* CrudFirestore.xcdatamodeld */; };
		FB52D51C23A02F34005902E4 /* Assets.xcassets in Resources */ = {isa = PBXBuildFile; fileRef = FB52D51B23A02F34005902E4 /* Assets.xcassets */; };
		FB52D51F23A02F34005902E4 /* LaunchScreen.storyboard in Resources */ = {isa = PBXBuildFile; fileRef = FB52D51D23A02F34005902E4 /* LaunchScreen.storyboard */; };
/* End PBXBuildFile section */

/* Begin PBXFileReference section */
		FB52D50C23A02F2E005902E4 /* CrudFirestore.app */ = {isa = PBXFileReference; explicitFileType = wrapper.application; includeInIndex = 0; path = CrudFirestore.app; sourceTree = BUILT_PRODUCTS_DIR; };
		FB52D50F23A02F2E005902E4 /* AppDelegate.swift */ = {isa = PBXFileReference; lastKnownFileType = sourcecode.swift; path = AppDelegate.swift; sourceTree = "<group>"; };
		FB52D51123A02F2E005902E4 /* SceneDelegate.swift */ = {isa = PBXFileReference; lastKnownFileType = sourcecode.swift; path = SceneDelegate.swift; sourceTree = "<group>"; };
		FB52D51323A02F2E005902E4 /* ViewController.swift */ = {isa = PBXFileReference; lastKnownFileType = sourcecode.swift; path = ViewController.swift; sourceTree = "<group>"; };
		FB52D51623A02F2E005902E4 /* Base */ = {isa = PBXFileReference; lastKnownFileType = file.storyboard; name = Base; path = Base.lproj/Main.storyboard; sourceTree = "<group>"; };
		FB52D51923A02F2E005902E4 /* CrudFirestore.xcdatamodel */ = {isa = PBXFileReference; lastKnownFileType = wrapper.xcdatamodel; path = CrudFirestore.xcdatamodel; sourceTree = "<group>"; };
		FB52D51B23A02F34005902E4 /* Assets.xcassets */ = {isa = PBXFileReference; lastKnownFileType = folder.assetcatalog; path = Assets.xcassets; sourceTree = "<group>"; };
		FB52D51E23A02F34005902E4 /* Base */ = {isa = PBXFileReference; lastKnownFileType = file.storyboard; name = Base; path = Base.lproj/LaunchScreen.storyboard; sourceTree = "<group>"; };
		FB52D52023A02F34005902E4 /* Info.plist */ = {isa = PBXFileReference; lastKnownFileType = text.plist.xml; path = Info.plist; sourceTree = "<group>"; };
/* End PBXFileReference section */

/* Begin PBXFrameworksBuildPhase section */
		FB52D50923A02F2E005902E4 /* Frameworks */ = {
			isa = PBXFrameworksBuildPhase;
			buildActionMask = 2147483647;
			files = (
			);
			runOnlyForDeploymentPostprocessing = 0;
		};
/* End PBXFrameworksBuildPhase section */

/* Begin PBXGroup section */
		FB52D50323A02F2E005902E4 = {
			isa = PBXGroup;
			children = (
				FB52D50E23A02F2E005902E4 /* CrudFirestore */,
				FB52D50D23A02F2E005902E4 /* Products */,
			);
			sourceTree = "<group>";
		};
		FB52D50D23A02F2E005902E4 /* Products */ = {
			isa = PBXGroup;
			children = (
				FB52D50C23A02F2E005902E4 /* CrudFirestore.app */,
			);
			name = Products;
			sourceTree = "<group>";
		};
		FB52D50E23A02F2E005902E4 /* CrudFirestore */ = {
			isa = PBXGroup;
			children = (
				FB52D50F23A02F2E005902E4 /* AppDelegate.swift */,
				FB52D51123A02F2E005902E4 /* SceneDelegate.swift */,
				FB52D51323A02F2E005902E4 /* ViewController.swift */,
				FB52D51523A02F2E005902E4 /* Main.storyboard */,
				FB52D51B23A02F34005902E4 /* Assets.xcassets */,
				FB52D51D23A02F34005902E4 /* LaunchScreen.storyboard */,
				FB52D52023A02F34005902E4 /* Info.plist */,
				FB52D51823A02F2E005902E4 /* CrudFirestore.xcdatamodeld */,
			);
			path = CrudFirestore;
			sourceTree = "<group>";
		};
/* End PBXGroup section */

/* Begin PBXNativeTarget section */
		FB52D50B23A02F2E005902E4 /* CrudFirestore */ = {
			isa = PBXNativeTarget;
			buildConfigurationList = FB52D52323A02F34005902E4 /* Build configuration list for PBXNativeTarget "CrudFirestore" */;
			buildPhases = (
				FB52D50823A02F2E005902E4 /* Sources */,
				FB52D50923A02F2E005902E4 /* Frameworks */,
				FB52D50A23A02F2E005902E4 /* Resources */,
			);
			buildRules = (
			);
			dependencies = (
			);
			name = CrudFirestore;
			productName = CrudFirestore;
			productReference = FB52D50C23A02F2E005902E4 /* CrudFirestore.app */;
			productType = "com.apple.product-type.application";
		};
/* End PBXNativeTarget section */

/* Begin PBXProject section */
		FB52D50423A02F2E005902E4 /* Project object */ = {
			isa = PBXProject;
			attributes = {
				LastSwiftUpdateCheck = 1120;
				LastUpgradeCheck = 1120;
				ORGANIZATIONNAME = "Jonh Parra";
				TargetAttributes = {
					FB52D50B23A02F2E005902E4 = {
						CreatedOnToolsVersion = 11.2.1;
					};
				};
			};
			buildConfigurationList = FB52D50723A02F2E005902E4 /* Build configuration list for PBXProject "CrudFirestore" */;
			compatibilityVersion = "Xcode 9.3";
			developmentRegion = en;
			hasScannedForEncodings = 0;
			knownRegions = (
				en,
				Base,
			);
			mainGroup = FB52D50323A02F2E005902E4;
			productRefGroup = FB52D50D23A02F2E005902E4 /* Products */;
			projectDirPath = "";
			projectRoot = "";
			targets = (
				FB52D50B23A02F2E005902E4 /* CrudFirestore */,
			);
		};
/* End PBXProject section */

/* Begin PBXResourcesBuildPhase section */
		FB52D50A23A02F2E005902E4 /* Resources */ = {
			isa = PBXResourcesBuildPhase;
			buildActionMask = 2147483647;
			files = (
				FB52D51F23A02F34005902E4 /* LaunchScreen.storyboard in Resources */,
				FB52D51C23A02F34005902E4 /* Assets.xcassets in Resources */,
				FB52D51723A02F2E005902E4 /* Main.storyboard in Resources */,
			);
			runOnlyForDeploymentPostprocessing = 0;
		};
/* End PBXResourcesBuildPhase section */

/* Begin PBXSourcesBuildPhase section */
		FB52D50823A02F2E005902E4 /* Sources */ = {
			isa = PBXSourcesBuildPhase;
			buildActionMask = 2147483647;
			files = (
				FB52D51423A02F2E005902E4 /* ViewController.swift in Sources */,
				FB52D51023A02F2E005902E4 /* AppDelegate.swift in Sources */,
				FB52D51223A02F2E005902E4 /* SceneDelegate.swift in Sources */,
				FB52D51A23A02F2E005902E4 /* CrudFirestore.xcdatamodeld in Sources */,
			);
			runOnlyForDeploymentPostprocessing = 0;
		};
/* End PBXSourcesBuildPhase section */

/* Begin PBXVariantGroup section */
		FB52D51523A02F2E005902E4 /* Main.storyboard */ = {
			isa = PBXVariantGroup;
			children = (
				FB52D51623A02F2E005902E4 /* Base */,
			);
			name = Main.storyboard;
			sourceTree = "<group>";
		};
		FB52D51D23A02F34005902E4 /* LaunchScreen.storyboard */ = {
			isa = PBXVariantGroup;
			children = (
				FB52D51E23A02F34005902E4 /* Base */,
			);
			name = LaunchScreen.storyboard;
			sourceTree = "<group>";
		};
/* End PBXVariantGroup section */

/* Begin XCBuildConfiguration section */
		FB52D52123A02F34005902E4 /* Debug */ = {
			isa = XCBuildConfiguration;
			buildSettings = {
				ALWAYS_SEARCH_USER_PATHS = NO;
				CLANG_ANALYZER_NONNULL = YES;
				CLANG_ANALYZER_NUMBER_OBJECT_CONVERSION = YES_AGGRESSIVE;
				CLANG_CXX_LANGUAGE_STANDARD = "gnu++14";
				CLANG_CXX_LIBRARY = "libc++";
				CLANG_ENABLE_MODULES = YES;
				CLANG_ENABLE_OBJC_ARC = YES;
				CLANG_ENABLE_OBJC_WEAK = YES;
				CLANG_WARN_BLOCK_CAPTURE_AUTORELEASING = YES;
				CLANG_WARN_BOOL_CONVERSION = YES;
				CLANG_WARN_COMMA = YES;
				CLANG_WARN_CONSTANT_CONVERSION = YES;
				CLANG_WARN_DEPRECATED_OBJC_IMPLEMENTATIONS = YES;
				CLANG_WARN_DIRECT_OBJC_ISA_USAGE = YES_ERROR;
				CLANG_WARN_DOCUMENTATION_COMMENTS = YES;
				CLANG_WARN_EMPTY_BODY = YES;
				CLANG_WARN_ENUM_CONVERSION = YES;
				CLANG_WARN_INFINITE_RECURSION = YES;
				CLANG_WARN_INT_CONVERSION = YES;
				CLANG_WARN_NON_LITERAL_NULL_CONVERSION = YES;
				CLANG_WARN_OBJC_IMPLICIT_RETAIN_SELF = YES;
				CLANG_WARN_OBJC_LITERAL_CONVERSION = YES;
				CLANG_WARN_OBJC_ROOT_CLASS = YES_ERROR;
				CLANG_WARN_RANGE_LOOP_ANALYSIS = YES;
				CLANG_WARN_STRICT_PROTOTYPES = YES;
				CLANG_WARN_SUSPICIOUS_MOVE = YES;
				CLANG_WARN_UNGUARDED_AVAILABILITY = YES_AGGRESSIVE;
				CLANG_WARN_UNREACHABLE_CODE = YES;
				CLANG_WARN__DUPLICATE_METHOD_MATCH = YES;
				COPY_PHASE_STRIP = NO;
				DEBUG_INFORMATION_FORMAT = dwarf;
				ENABLE_STRICT_OBJC_MSGSEND = YES;
				ENABLE_TESTABILITY = YES;
				GCC_C_LANGUAGE_STANDARD = gnu11;
				GCC_DYNAMIC_NO_PIC = NO;
				GCC_NO_COMMON_BLOCKS = YES;
				GCC_OPTIMIZATION_LEVEL = 0;
				GCC_PREPROCESSOR_DEFINITIONS = (
					"DEBUG=1",
					"$(inherited)",
				);
				GCC_WARN_64_TO_32_BIT_CONVERSION = YES;
				GCC_WARN_ABOUT_RETURN_TYPE = YES_ERROR;
				GCC_WARN_UNDECLARED_SELECTOR = YES;
				GCC_WARN_UNINITIALIZED_AUTOS = YES_AGGRESSIVE;
				GCC_WARN_UNUSED_FUNCTION = YES;
				GCC_WARN_UNUSED_VARIABLE = YES;
				IPHONEOS_DEPLOYMENT_TARGET = 13.2;
				MTL_ENABLE_DEBUG_INFO = INCLUDE_SOURCE;
				MTL_FAST_MATH = YES;
				ONLY_ACTIVE_ARCH = YES;
				SDKROOT = iphoneos;
				SWIFT_ACTIVE_COMPILATION_CONDITIONS = DEBUG;
				SWIFT_OPTIMIZATION_LEVEL = "-Onone";
			};
			name = Debug;
		};
		FB52D52223A02F34005902E4 /* Release */ = {
			isa = XCBuildConfiguration;
			buildSettings = {
				ALWAYS_SEARCH_USER_PATHS = NO;
				CLANG_ANALYZER_NONNULL = YES;
				CLANG_ANALYZER_NUMBER_OBJECT_CONVERSION = YES_AGGRESSIVE;
				CLANG_CXX_LANGUAGE_STANDARD = "gnu++14";
				CLANG_CXX_LIBRARY = "libc++";
				CLANG_ENABLE_MODULES = YES;
				CLANG_ENABLE_OBJC_ARC = YES;
				CLANG_ENABLE_OBJC_WEAK = YES;
				CLANG_WARN_BLOCK_CAPTURE_AUTORELEASING = YES;
				CLANG_WARN_BOOL_CONVERSION = YES;
				CLANG_WARN_COMMA = YES;
				CLANG_WARN_CONSTANT_CONVERSION = YES;
				CLANG_WARN_DEPRECATED_OBJC_IMPLEMENTATIONS = YES;
				CLANG_WARN_DIRECT_OBJC_ISA_USAGE = YES_ERROR;
				CLANG_WARN_DOCUMENTATION_COMMENTS = YES;
				CLANG_WARN_EMPTY_BODY = YES;
				CLANG_WARN_ENUM_CONVERSION = YES;
				CLANG_WARN_INFINITE_RECURSION = YES;
				CLANG_WARN_INT_CONVERSION = YES;
				CLANG_WARN_NON_LITERAL_NULL_CONVERSION = YES;
				CLANG_WARN_OBJC_IMPLICIT_RETAIN_SELF = YES;
				CLANG_WARN_OBJC_LITERAL_CONVERSION = YES;
				CLANG_WARN_OBJC_ROOT_CLASS = YES_ERROR;
				CLANG_WARN_RANGE_LOOP_ANALYSIS = YES;
				CLANG_WARN_STRICT_PROTOTYPES = YES;
				CLANG_WARN_SUSPICIOUS_MOVE = YES;
				CLANG_WARN_UNGUARDED_AVAILABILITY = YES_AGGRESSIVE;
				CLANG_WARN_UNREACHABLE_CODE = YES;
				CLANG_WARN__DUPLICATE_METHOD_MATCH = YES;
				COPY_PHASE_STRIP = NO;
				DEBUG_INFORMATION_FORMAT = "dwarf-with-dsym";
				ENABLE_NS_ASSERTIONS = NO;
				ENABLE_STRICT_OBJC_MSGSEND = YES;
				GCC_C_LANGUAGE_STANDARD = gnu11;
				GCC_NO_COMMON_BLOCKS = YES;
				GCC_WARN_64_TO_32_BIT_CONVERSION = YES;
				GCC_WARN_ABOUT_RETURN_TYPE = YES_ERROR;
				GCC_WARN_UNDECLARED_SELECTOR = YES;
				GCC_WARN_UNINITIALIZED_AUTOS = YES_AGGRESSIVE;
				GCC_WARN_UNUSED_FUNCTION = YES;
				GCC_WARN_UNUSED_VARIABLE = YES;
				IPHONEOS_DEPLOYMENT_TARGET = 13.2;
				MTL_ENABLE_DEBUG_INFO = NO;
				MTL_FAST_MATH = YES;
				SDKROOT = iphoneos;
				SWIFT_COMPILATION_MODE = wholemodule;
				SWIFT_OPTIMIZATION_LEVEL = "-O";
				VALIDATE_PRODUCT = YES;
			};
			name = Release;
		};
		FB52D52423A02F34005902E4 /* Debug */ = {
			isa = XCBuildConfiguration;
			buildSettings = {
				ASSETCATALOG_COMPILER_APPICON_NAME = AppIcon;
				CODE_SIGN_STYLE = Automatic;
				DEVELOPMENT_TEAM = 5P8XSGQX8X;
				INFOPLIST_FILE = CrudFirestore/Info.plist;
				LD_RUNPATH_SEARCH_PATHS = (
					"$(inherited)",
					"@executable_path/Frameworks",
				);
				PRODUCT_BUNDLE_IDENTIFIER = com.jonh.CrudFirestore;
				PRODUCT_NAME = "$(TARGET_NAME)";
				SWIFT_VERSION = 5.0;
				TARGETED_DEVICE_FAMILY = "1,2";
			};
			name = Debug;
		};
		FB52D52523A02F34005902E4 /* Release */ = {
			isa = XCBuildConfiguration;
			buildSettings = {
				ASSETCATALOG_COMPILER_APPICON_NAME = AppIcon;
				CODE_SIGN_STYLE = Automatic;
				DEVELOPMENT_TEAM = 5P8XSGQX8X;
				INFOPLIST_FILE = CrudFirestore/Info.plist;
				LD_RUNPATH_SEARCH_PATHS = (
					"$(inherited)",
					"@executable_path/Frameworks",
				);
				PRODUCT_BUNDLE_IDENTIFIER = com.jonh.CrudFirestore;
				PRODUCT_NAME = "$(TARGET_NAME)";
				SWIFT_VERSION = 5.0;
				TARGETED_DEVICE_FAMILY = "1,2";
			};
			name = Release;
		};
/* End XCBuildConfiguration section */

/* Begin XCConfigurationList section */
		FB52D50723A02F2E005902E4 /* Build configuration list for PBXProject "CrudFirestore" */ = {
			isa = XCConfigurationList;
			buildConfigurations = (
				FB52D52123A02F34005902E4 /* Debug */,
				FB52D52223A02F34005902E4 /* Release */,
			);
			defaultConfigurationIsVisible = 0;
			defaultConfigurationName = Release;
		};
		FB52D52323A02F34005902E4 /* Build configuration list for PBXNativeTarget "CrudFirestore" */ = {
			isa = XCConfigurationList;
			buildConfigurations = (
				FB52D52423A02F34005902E4 /* Debug */,
				FB52D52523A02F34005902E4 /* Release */,
			);
			defaultConfigurationIsVisible = 0;
			defaultConfigurationName = Release;
		};
/* End XCConfigurationList section */

/* Begin XCVersionGroup section */
		FB52D51823A02F2E005902E4 /* CrudFirestore.xcdatamodeld */ = {
			isa = XCVersionGroup;
			children = (
				FB52D51923A02F2E005902E4 /* CrudFirestore.xcdatamodel */,
			);
			currentVersion = FB52D51923A02F2E005902E4 /* CrudFirestore.xcdatamodel */;
			path = CrudFirestore.xcdatamodeld;
			sourceTree = "<group>";
			versionGroupType = wrapper.xcdatamodel;
		};
/* End XCVersionGroup section */
	};
	rootObject = FB52D50423A02F2E005902E4 /* Project object */;
}
